
Microsoft Visual Studio Solution File, Format Version 12.00
# Visual Studio Version 17
VisualStudioVersion = 17.1.32210.238
MinimumVisualStudioVersion = 10.0.40219.1
Project("{9A19103F-16F7-4668-BE54-9A1E7A4F7556}") = "DataAccess", "DataAccess\DataAccess.csproj", "{DBF0F7D5-F38D-43E5-B750-E95A45EA3E91}"
EndProject
Project("{9A19103F-16F7-4668-BE54-9A1E7A4F7556}") = "Business", "Business\Business.csproj", "{684A9775-E657-4577-94FF-52F5D9442767}"
EndProject
Project("{9A19103F-16F7-4668-BE54-9A1E7A4F7556}") = "Entities", "Entities\Entities.csproj", "{944244A8-2FFB-48C8-9137-49A8B0753E85}"
EndProject
Project("{9A19103F-16F7-4668-BE54-9A1E7A4F7556}") = "ConsoleUI", "ConsoleUI\ConsoleUI.csproj", "{09AB9473-2F84-468A-B22C-6F18503E2B2E}"
EndProject
Project("{FAE04EC0-301F-11D3-BF4B-00C04F79EFBC}") = "Core", "Core\Core.csproj", "{F8D59D02-22B8-405F-8D88-BDDBCDB692D9}"
EndProject
Global
	GlobalSection(SolutionConfigurationPlatforms) = preSolution
		Debug|Any CPU = Debug|Any CPU
		Release|Any CPU = Release|Any CPU
	EndGlobalSection
	GlobalSection(ProjectConfigurationPlatforms) = postSolution
		{DBF0F7D5-F38D-43E5-B750-E95A45EA3E91}.Debug|Any CPU.ActiveCfg = Debug|Any CPU
		{DBF0F7D5-F38D-43E5-B750-E95A45EA3E91}.Debug|Any CPU.Build.0 = Debug|Any CPU
		{DBF0F7D5-F38D-43E5-B750-E95A45EA3E91}.Release|Any CPU.ActiveCfg = Release|Any CPU
		{DBF0F7D5-F38D-43E5-B750-E95A45EA3E91}.Release|Any CPU.Build.0 = Release|Any CPU
		{684A9775-E657-4577-94FF-52F5D9442767}.Debug|Any CPU.ActiveCfg = Debug|Any CPU
		{684A9775-E657-4577-94FF-52F5D9442767}.Debug|Any CPU.Build.0 = Debug|Any CPU
		{684A9775-E657-4577-94FF-52F5D9442767}.Release|Any CPU.ActiveCfg = Release|Any CPU
		{684A9775-E657-4577-94FF-52F5D9442767}.Release|Any CPU.Build.0 = Release|Any CPU
		{944244A8-2FFB-48C8-9137-49A8B0753E85}.Debug|Any CPU.ActiveCfg = Debug|Any CPU
		{944244A8-2FFB-48C8-9137-49A8B0753E85}.Debug|Any CPU.Build.0 = Debug|Any CPU
		{944244A8-2FFB-48C8-9137-49A8B0753E85}.Release|Any CPU.ActiveCfg = Release|Any CPU
		{944244A8-2FFB-48C8-9137-49A8B0753E85}.Release|Any CPU.Build.0 = Release|Any CPU
		{09AB9473-2F84-468A-B22C-6F18503E2B2E}.Debug|Any CPU.ActiveCfg = Debug|Any CPU
		{09AB9473-2F84-468A-B22C-6F18503E2B2E}.Debug|Any CPU.Build.0 = Debug|Any CPU
		{09AB9473-2F84-468A-B22C-6F18503E2B2E}.Release|Any CPU.ActiveCfg = Release|Any CPU
		{09AB9473-2F84-468A-B22C-6F18503E2B2E}.Release|Any CPU.Build.0 = Release|Any CPU
		{F8D59D02-22B8-405F-8D88-BDDBCDB692D9}.Debug|Any CPU.ActiveCfg = Debug|Any CPU
		{F8D59D02-22B8-405F-8D88-BDDBCDB692D9}.Debug|Any CPU.Build.0 = Debug|Any CPU
		{F8D59D02-22B8-405F-8D88-BDDBCDB692D9}.Release|Any CPU.ActiveCfg = Release|Any CPU
		{F8D59D02-22B8-405F-8D88-BDDBCDB692D9}.Release|Any CPU.Build.0 = Release|Any CPU
	EndGlobalSection
	GlobalSection(SolutionProperties) = preSolution
		HideSolutionNode = FALSE
	EndGlobalSection
	GlobalSection(ExtensibilityGlobals) = postSolution
		SolutionGuid = {406C691D-B007-4A92-BD35-6CB27C41A6F4}
	EndGlobalSection
EndGlobal
